
Microsoft Visual Studio Solution File, Format Version 12.00
# Visual Studio 2013
VisualStudioVersion = 12.0.30723.0
MinimumVisualStudioVersion = 10.0.40219.1
Project("{FAE04EC0-301F-11D3-BF4B-00C04F79EFBC}") = "K2Field.SmartForms.Workspace.Data", "K2Field.SmartForms.Workspace.Data\K2Field.SmartForms.Workspace.Data.csproj", "{2CC41503-16AA-4C66-903C-F3507C3A72D9}"
EndProject
Project("{FAE04EC0-301F-11D3-BF4B-00C04F79EFBC}") = "K2Field.SmartForms.Workspace.Model", "K2Field.SmartForms.Workspace.Model\K2Field.SmartForms.Workspace.Model.csproj", "{F365FB2F-6E77-4CD7-9B2D-BA96D5F3EA72}"
EndProject
Project("{FAE04EC0-301F-11D3-BF4B-00C04F79EFBC}") = "K2Field.SmartForms.Workspace.Sandbox", "K2Field.SmartForms.Workspace.Sandbox\K2Field.SmartForms.Workspace.Sandbox.csproj", "{88BCC356-F0B2-4ACD-862B-E4AB47AE14C8}"
EndProject
Project("{FAE04EC0-301F-11D3-BF4B-00C04F79EFBC}") = "K2Field.SmartForms.Workspace.Test", "K2Field.SmartForms.Workspace.Test\K2Field.SmartForms.Workspace.Test.csproj", "{9E4C1922-4B4D-4791-A982-8ABF63C56F72}"
EndProject
Project("{FAE04EC0-301F-11D3-BF4B-00C04F79EFBC}") = "K2Field.SmartForms.Workspace.API", "K2Field.SmartForms.Workspace.API\K2Field.SmartForms.Workspace.API.csproj", "{F579F02E-67A0-4558-A0D5-09CBDE8640B8}"
EndProject
Project("{FAE04EC0-301F-11D3-BF4B-00C04F79EFBC}") = "K2Field.SmartForms.Workspace.Web", "K2Field.SmartForms.Workspace.Web\K2Field.SmartForms.Workspace.Web.csproj", "{A7B3EDAF-E169-4523-8E19-6E54BF7DBDA6}"
EndProject
Project("{FAE04EC0-301F-11D3-BF4B-00C04F79EFBC}") = "K2Field.SmartForms.Workspace.Bootstrap", "K2Field.SmartForms.Workspace.Bootstrap\K2Field.SmartForms.Workspace.Bootstrap.csproj", "{CCF61C72-E5F3-4FCF-854E-C93E9436A2AC}"
EndProject
Project("{FAE04EC0-301F-11D3-BF4B-00C04F79EFBC}") = "K2Field.SmartForms.Workspace.UI", "K2Field.SmartForms.Workspace.UI\K2Field.SmartForms.Workspace.UI.csproj", "{FC8DC1B8-D477-4C4C-B9C2-C7C8B920D515}"
EndProject
Global
	GlobalSection(SolutionConfigurationPlatforms) = preSolution
		Debug|Any CPU = Debug|Any CPU
		Release|Any CPU = Release|Any CPU
	EndGlobalSection
	GlobalSection(ProjectConfigurationPlatforms) = postSolution
		{2CC41503-16AA-4C66-903C-F3507C3A72D9}.Debug|Any CPU.ActiveCfg = Debug|Any CPU
		{2CC41503-16AA-4C66-903C-F3507C3A72D9}.Debug|Any CPU.Build.0 = Debug|Any CPU
		{2CC41503-16AA-4C66-903C-F3507C3A72D9}.Release|Any CPU.ActiveCfg = Release|Any CPU
		{2CC41503-16AA-4C66-903C-F3507C3A72D9}.Release|Any CPU.Build.0 = Release|Any CPU
		{F365FB2F-6E77-4CD7-9B2D-BA96D5F3EA72}.Debug|Any CPU.ActiveCfg = Debug|Any CPU
		{F365FB2F-6E77-4CD7-9B2D-BA96D5F3EA72}.Debug|Any CPU.Build.0 = Debug|Any CPU
		{F365FB2F-6E77-4CD7-9B2D-BA96D5F3EA72}.Release|Any CPU.ActiveCfg = Release|Any CPU
		{F365FB2F-6E77-4CD7-9B2D-BA96D5F3EA72}.Release|Any CPU.Build.0 = Release|Any CPU
		{88BCC356-F0B2-4ACD-862B-E4AB47AE14C8}.Debug|Any CPU.ActiveCfg = Debug|Any CPU
		{88BCC356-F0B2-4ACD-862B-E4AB47AE14C8}.Debug|Any CPU.Build.0 = Debug|Any CPU
		{88BCC356-F0B2-4ACD-862B-E4AB47AE14C8}.Release|Any CPU.ActiveCfg = Release|Any CPU
		{88BCC356-F0B2-4ACD-862B-E4AB47AE14C8}.Release|Any CPU.Build.0 = Release|Any CPU
		{9E4C1922-4B4D-4791-A982-8ABF63C56F72}.Debug|Any CPU.ActiveCfg = Debug|Any CPU
		{9E4C1922-4B4D-4791-A982-8ABF63C56F72}.Debug|Any CPU.Build.0 = Debug|Any CPU
		{9E4C1922-4B4D-4791-A982-8ABF63C56F72}.Release|Any CPU.ActiveCfg = Release|Any CPU
		{9E4C1922-4B4D-4791-A982-8ABF63C56F72}.Release|Any CPU.Build.0 = Release|Any CPU
		{F579F02E-67A0-4558-A0D5-09CBDE8640B8}.Debug|Any CPU.ActiveCfg = Debug|Any CPU
		{F579F02E-67A0-4558-A0D5-09CBDE8640B8}.Debug|Any CPU.Build.0 = Debug|Any CPU
		{F579F02E-67A0-4558-A0D5-09CBDE8640B8}.Release|Any CPU.ActiveCfg = Release|Any CPU
		{F579F02E-67A0-4558-A0D5-09CBDE8640B8}.Release|Any CPU.Build.0 = Release|Any CPU
		{A7B3EDAF-E169-4523-8E19-6E54BF7DBDA6}.Debug|Any CPU.ActiveCfg = Debug|Any CPU
		{A7B3EDAF-E169-4523-8E19-6E54BF7DBDA6}.Debug|Any CPU.Build.0 = Debug|Any CPU
		{A7B3EDAF-E169-4523-8E19-6E54BF7DBDA6}.Release|Any CPU.ActiveCfg = Release|Any CPU
		{A7B3EDAF-E169-4523-8E19-6E54BF7DBDA6}.Release|Any CPU.Build.0 = Release|Any CPU
		{CCF61C72-E5F3-4FCF-854E-C93E9436A2AC}.Debug|Any CPU.ActiveCfg = Debug|Any CPU
		{CCF61C72-E5F3-4FCF-854E-C93E9436A2AC}.Debug|Any CPU.Build.0 = Debug|Any CPU
		{CCF61C72-E5F3-4FCF-854E-C93E9436A2AC}.Release|Any CPU.ActiveCfg = Release|Any CPU
		{CCF61C72-E5F3-4FCF-854E-C93E9436A2AC}.Release|Any CPU.Build.0 = Release|Any CPU
		{FC8DC1B8-D477-4C4C-B9C2-C7C8B920D515}.Debug|Any CPU.ActiveCfg = Debug|Any CPU
		{FC8DC1B8-D477-4C4C-B9C2-C7C8B920D515}.Debug|Any CPU.Build.0 = Debug|Any CPU
		{FC8DC1B8-D477-4C4C-B9C2-C7C8B920D515}.Release|Any CPU.ActiveCfg = Release|Any CPU
		{FC8DC1B8-D477-4C4C-B9C2-C7C8B920D515}.Release|Any CPU.Build.0 = Release|Any CPU
	EndGlobalSection
	GlobalSection(SolutionProperties) = preSolution
		HideSolutionNode = FALSE
	EndGlobalSection
EndGlobal
